
Microsoft Visual Studio Solution File, Format Version 12.00
# Visual Studio Version 17
VisualStudioVersion = 17.3.32929.385
MinimumVisualStudioVersion = 10.0.40219.1
Project("{FAE04EC0-301F-11D3-BF4B-00C04F79EFBC}") = "Insurance", "Insurance\Insurance.csproj", "{DF60976E-0A65-46BF-86CA-19C47E5ACF33}"
EndProject
Project("{FAE04EC0-301F-11D3-BF4B-00C04F79EFBC}") = "BLL", "BLL\BLL.csproj", "{4F6FBBF6-A647-497F-8F54-5204D60133F0}"
EndProject
Project("{FAE04EC0-301F-11D3-BF4B-00C04F79EFBC}") = "DAL", "DAL\DAL.csproj", "{8E898BF1-B7F4-4F95-B992-CBCDF410497E}"
EndProject
Global
	GlobalSection(SolutionConfigurationPlatforms) = preSolution
		Debug|Any CPU = Debug|Any CPU
		Release|Any CPU = Release|Any CPU
	EndGlobalSection
	GlobalSection(ProjectConfigurationPlatforms) = postSolution
		{DF60976E-0A65-46BF-86CA-19C47E5ACF33}.Debug|Any CPU.ActiveCfg = Debug|Any CPU
		{DF60976E-0A65-46BF-86CA-19C47E5ACF33}.Debug|Any CPU.Build.0 = Debug|Any CPU
		{DF60976E-0A65-46BF-86CA-19C47E5ACF33}.Release|Any CPU.ActiveCfg = Release|Any CPU
		{DF60976E-0A65-46BF-86CA-19C47E5ACF33}.Release|Any CPU.Build.0 = Release|Any CPU
		{4F6FBBF6-A647-497F-8F54-5204D60133F0}.Debug|Any CPU.ActiveCfg = Debug|Any CPU
		{4F6FBBF6-A647-497F-8F54-5204D60133F0}.Debug|Any CPU.Build.0 = Debug|Any CPU
		{4F6FBBF6-A647-497F-8F54-5204D60133F0}.Release|Any CPU.ActiveCfg = Release|Any CPU
		{4F6FBBF6-A647-497F-8F54-5204D60133F0}.Release|Any CPU.Build.0 = Release|Any CPU
		{8E898BF1-B7F4-4F95-B992-CBCDF410497E}.Debug|Any CPU.ActiveCfg = Debug|Any CPU
		{8E898BF1-B7F4-4F95-B992-CBCDF410497E}.Debug|Any CPU.Build.0 = Debug|Any CPU
		{8E898BF1-B7F4-4F95-B992-CBCDF410497E}.Release|Any CPU.ActiveCfg = Release|Any CPU
		{8E898BF1-B7F4-4F95-B992-CBCDF410497E}.Release|Any CPU.Build.0 = Release|Any CPU
	EndGlobalSection
	GlobalSection(SolutionProperties) = preSolution
		HideSolutionNode = FALSE
	EndGlobalSection
	GlobalSection(ExtensibilityGlobals) = postSolution
		SolutionGuid = {6A0AA90B-553A-418D-BA48-DF6D48A193D1}
	EndGlobalSection
EndGlobal
